
Microsoft Visual Studio Solution File, Format Version 12.00
# Visual Studio 14
VisualStudioVersion = 14.0.25420.1
MinimumVisualStudioVersion = 10.0.40219.1
Project("{FAE04EC0-301F-11D3-BF4B-00C04F79EFBC}") = "MobileAgent", "MobileAgent\MobileAgent.csproj", "{D173A6F0-8C95-4CF5-A52B-DF0A1E6F2A41}"
EndProject
Project("{FAE04EC0-301F-11D3-BF4B-00C04F79EFBC}") = "AgentApp", "AgentApp\AgentApp.csproj", "{2C7429E8-01EA-459F-A21A-744CBDBC929F}"
EndProject
Global
	GlobalSection(SolutionConfigurationPlatforms) = preSolution
		Debug|Any CPU = Debug|Any CPU
		Release|Any CPU = Release|Any CPU
	EndGlobalSection
	GlobalSection(ProjectConfigurationPlatforms) = postSolution
		{D173A6F0-8C95-4CF5-A52B-DF0A1E6F2A41}.Debug|Any CPU.ActiveCfg = Debug|Any CPU
		{D173A6F0-8C95-4CF5-A52B-DF0A1E6F2A41}.Debug|Any CPU.Build.0 = Debug|Any CPU
		{D173A6F0-8C95-4CF5-A52B-DF0A1E6F2A41}.Release|Any CPU.ActiveCfg = Release|Any CPU
		{D173A6F0-8C95-4CF5-A52B-DF0A1E6F2A41}.Release|Any CPU.Build.0 = Release|Any CPU
		{2C7429E8-01EA-459F-A21A-744CBDBC929F}.Debug|Any CPU.ActiveCfg = Debug|Any CPU
		{2C7429E8-01EA-459F-A21A-744CBDBC929F}.Debug|Any CPU.Build.0 = Debug|Any CPU
		{2C7429E8-01EA-459F-A21A-744CBDBC929F}.Release|Any CPU.ActiveCfg = Release|Any CPU
		{2C7429E8-01EA-459F-A21A-744CBDBC929F}.Release|Any CPU.Build.0 = Release|Any CPU
	EndGlobalSection
	GlobalSection(SolutionProperties) = preSolution
		HideSolutionNode = FALSE
	EndGlobalSection
EndGlobal
